// !$*UTF8*$!
{
	archiveVersion = 1;
	classes = {
	};
	objectVersion = 77;
	objects = {

/* Begin PBXBuildFile section */
		1CE29EF42EA0271900FE9B81 /* FirebaseAuth in Frameworks */ = {isa = PBXBuildFile; productRef = 1CE29EF32EA0271900FE9B81 /* FirebaseAuth */; };
		1CE29EF62EA0271900FE9B81 /* FirebaseCore in Frameworks */ = {isa = PBXBuildFile; productRef = 1CE29EF52EA0271900FE9B81 /* FirebaseCore */; };
		1CE29EF82EA0271900FE9B81 /* FirebaseFirestore in Frameworks */ = {isa = PBXBuildFile; productRef = 1CE29EF72EA0271900FE9B81 /* FirebaseFirestore */; };
		1CE29EFD2EA02D8700FE9B81 /* GoogleSignIn in Frameworks */ = {isa = PBXBuildFile; productRef = 1CE29EFC2EA02D8700FE9B81 /* GoogleSignIn */; };
		1CE29EFF2EA02D8700FE9B81 /* GoogleSignInSwift in Frameworks */ = {isa = PBXBuildFile; productRef = 1CE29EFE2EA02D8700FE9B81 /* GoogleSignInSwift */; };
		1CE29F372EA128AD00FE9B81 /* WidgetKit.framework in Frameworks */ = {isa = PBXBuildFile; fileRef = 1CE29F362EA128AD00FE9B81 /* WidgetKit.framework */; };
		1CE29F392EA128AD00FE9B81 /* SwiftUI.framework in Frameworks */ = {isa = PBXBuildFile; fileRef = 1CE29F382EA128AD00FE9B81 /* SwiftUI.framework */; };
		1CE29F4A2EA128AF00FE9B81 /* Noi2LoveWidgetExtension.appex in Embed Foundation Extensions */ = {isa = PBXBuildFile; fileRef = 1CE29F342EA128AD00FE9B81 /* Noi2LoveWidgetExtension.appex */; settings = {ATTRIBUTES = (RemoveHeadersOnCopy, ); }; };
		1CE29FB32EA43C3B00FE9B81 /* FirebaseMessaging in Frameworks */ = {isa = PBXBuildFile; productRef = 1CE29FB22EA43C3B00FE9B81 /* FirebaseMessaging */; };
/* End PBXBuildFile section */

/* Begin PBXContainerItemProxy section */
		1CE29F482EA128AF00FE9B81 /* PBXContainerItemProxy */ = {
			isa = PBXContainerItemProxy;
			containerPortal = 1CE29ED42E9F9E8600FE9B81 /* Project object */;
			proxyType = 1;
			remoteGlobalIDString = 1CE29F332EA128AD00FE9B81;
			remoteInfo = Noi2LoveWidgetExtension;
		};
/* End PBXContainerItemProxy section */

/* Begin PBXCopyFilesBuildPhase section */
		1CE29F4F2EA128AF00FE9B81 /* Embed Foundation Extensions */ = {
			isa = PBXCopyFilesBuildPhase;
			buildActionMask = 2147483647;
			dstPath = "";
			dstSubfolderSpec = 13;
			files = (
				1CE29F4A2EA128AF00FE9B81 /* Noi2LoveWidgetExtension.appex in Embed Foundation Extensions */,
			);
			name = "Embed Foundation Extensions";
			runOnlyForDeploymentPostprocessing = 0;
		};
/* End PBXCopyFilesBuildPhase section */

/* Begin PBXFileReference section */
		1CE29EDC2E9F9E8600FE9B81 /* Noi2.app */ = {isa = PBXFileReference; explicitFileType = wrapper.application; includeInIndex = 0; path = Noi2.app; sourceTree = BUILT_PRODUCTS_DIR; };
		1CE29F342EA128AD00FE9B81 /* Noi2LoveWidgetExtension.appex */ = {isa = PBXFileReference; explicitFileType = "wrapper.app-extension"; includeInIndex = 0; path = Noi2LoveWidgetExtension.appex; sourceTree = BUILT_PRODUCTS_DIR; };
		1CE29F362EA128AD00FE9B81 /* WidgetKit.framework */ = {isa = PBXFileReference; lastKnownFileType = wrapper.framework; name = WidgetKit.framework; path = System/Library/Frameworks/WidgetKit.framework; sourceTree = SDKROOT; };
		1CE29F382EA128AD00FE9B81 /* SwiftUI.framework */ = {isa = PBXFileReference; lastKnownFileType = wrapper.framework; name = SwiftUI.framework; path = System/Library/Frameworks/SwiftUI.framework; sourceTree = SDKROOT; };
		1CE29F502EA128BC00FE9B81 /* Noi2LoveWidgetExtension.entitlements */ = {isa = PBXFileReference; lastKnownFileType = text.plist.entitlements; path = Noi2LoveWidgetExtension.entitlements; sourceTree = "<group>"; };
/* End PBXFileReference section */

/* Begin PBXFileSystemSynchronizedBuildFileExceptionSet section */
		1CBAB2D62EA4523200F807A4 /* Exceptions for "Noi2" folder in "Noi2LoveWidgetExtension" target */ = {
			isa = PBXFileSystemSynchronizedBuildFileExceptionSet;
			membershipExceptions = (
				Services/SharedLoveStore.swift,
			);
			target = 1CE29F332EA128AD00FE9B81 /* Noi2LoveWidgetExtension */;
		};
		1CE29F012EA02DBF00FE9B81 /* Exceptions for "Noi2" folder in "Noi2" target */ = {
			isa = PBXFileSystemSynchronizedBuildFileExceptionSet;
			membershipExceptions = (
				Info.plist,
			);
			target = 1CE29EDB2E9F9E8600FE9B81 /* Noi2 */;
		};
		1CE29F4E2EA128AF00FE9B81 /* Exceptions for "Noi2LoveWidget" folder in "Noi2LoveWidgetExtension" target */ = {
			isa = PBXFileSystemSynchronizedBuildFileExceptionSet;
			membershipExceptions = (
				Info.plist,
			);
			target = 1CE29F332EA128AD00FE9B81 /* Noi2LoveWidgetExtension */;
		};
		1CE29F592EA1330700FE9B81 /* Exceptions for "Noi2LoveWidget" folder in "Noi2" target */ = {
			isa = PBXFileSystemSynchronizedBuildFileExceptionSet;
			membershipExceptions = (
				Noi2LoveWidget.swift,
			);
			target = 1CE29EDB2E9F9E8600FE9B81 /* Noi2 */;
		};
/* End PBXFileSystemSynchronizedBuildFileExceptionSet section */

/* Begin PBXFileSystemSynchronizedRootGroup section */
		1CE29EDE2E9F9E8600FE9B81 /* Noi2 */ = {
			isa = PBXFileSystemSynchronizedRootGroup;
			exceptions = (
				1CE29F012EA02DBF00FE9B81 /* Exceptions for "Noi2" folder in "Noi2" target */,
				1CBAB2D62EA4523200F807A4 /* Exceptions for "Noi2" folder in "Noi2LoveWidgetExtension" target */,
			);
			path = Noi2;
			sourceTree = "<group>";
		};
		1CE29F3A2EA128AD00FE9B81 /* Noi2LoveWidget */ = {
			isa = PBXFileSystemSynchronizedRootGroup;
			exceptions = (
				1CE29F592EA1330700FE9B81 /* Exceptions for "Noi2LoveWidget" folder in "Noi2" target */,
				1CE29F4E2EA128AF00FE9B81 /* Exceptions for "Noi2LoveWidget" folder in "Noi2LoveWidgetExtension" target */,
			);
			path = Noi2LoveWidget;
			sourceTree = "<group>";
		};
/* End PBXFileSystemSynchronizedRootGroup section */

/* Begin PBXFrameworksBuildPhase section */
		1CE29ED92E9F9E8600FE9B81 /* Frameworks */ = {
			isa = PBXFrameworksBuildPhase;
			buildActionMask = 2147483647;
			files = (
				1CE29FB32EA43C3B00FE9B81 /* FirebaseMessaging in Frameworks */,
				1CE29EFF2EA02D8700FE9B81 /* GoogleSignInSwift in Frameworks */,
				1CE29EF62EA0271900FE9B81 /* FirebaseCore in Frameworks */,
				1CE29EFD2EA02D8700FE9B81 /* GoogleSignIn in Frameworks */,
				1CE29EF42EA0271900FE9B81 /* FirebaseAuth in Frameworks */,
				1CE29EF82EA0271900FE9B81 /* FirebaseFirestore in Frameworks */,
			);
			runOnlyForDeploymentPostprocessing = 0;
		};
		1CE29F312EA128AD00FE9B81 /* Frameworks */ = {
			isa = PBXFrameworksBuildPhase;
			buildActionMask = 2147483647;
			files = (
				1CE29F392EA128AD00FE9B81 /* SwiftUI.framework in Frameworks */,
				1CE29F372EA128AD00FE9B81 /* WidgetKit.framework in Frameworks */,
			);
			runOnlyForDeploymentPostprocessing = 0;
		};
/* End PBXFrameworksBuildPhase section */

/* Begin PBXGroup section */
		1CE29ED32E9F9E8600FE9B81 = {
			isa = PBXGroup;
			children = (
				1CE29F502EA128BC00FE9B81 /* Noi2LoveWidgetExtension.entitlements */,
				1CE29EDE2E9F9E8600FE9B81 /* Noi2 */,
				1CE29F3A2EA128AD00FE9B81 /* Noi2LoveWidget */,
				1CE29F352EA128AD00FE9B81 /* Frameworks */,
				1CE29EDD2E9F9E8600FE9B81 /* Products */,
			);
			sourceTree = "<group>";
		};
		1CE29EDD2E9F9E8600FE9B81 /* Products */ = {
			isa = PBXGroup;
			children = (
				1CE29EDC2E9F9E8600FE9B81 /* Noi2.app */,
				1CE29F342EA128AD00FE9B81 /* Noi2LoveWidgetExtension.appex */,
			);
			name = Products;
			sourceTree = "<group>";
		};
		1CE29F352EA128AD00FE9B81 /* Frameworks */ = {
			isa = PBXGroup;
			children = (
				1CE29F362EA128AD00FE9B81 /* WidgetKit.framework */,
				1CE29F382EA128AD00FE9B81 /* SwiftUI.framework */,
			);
			name = Frameworks;
			sourceTree = "<group>";
		};
/* End PBXGroup section */

/* Begin PBXNativeTarget section */
		1CE29EDB2E9F9E8600FE9B81 /* Noi2 */ = {
			isa = PBXNativeTarget;
			buildConfigurationList = 1CE29EE72E9F9E8800FE9B81 /* Build configuration list for PBXNativeTarget "Noi2" */;
			buildPhases = (
				1CE29ED82E9F9E8600FE9B81 /* Sources */,
				1CE29ED92E9F9E8600FE9B81 /* Frameworks */,
				1CE29EDA2E9F9E8600FE9B81 /* Resources */,
				1CE29F4F2EA128AF00FE9B81 /* Embed Foundation Extensions */,
			);
			buildRules = (
			);
			dependencies = (
				1CE29F492EA128AF00FE9B81 /* PBXTargetDependency */,
			);
			fileSystemSynchronizedGroups = (
				1CE29EDE2E9F9E8600FE9B81 /* Noi2 */,
			);
			name = Noi2;
			packageProductDependencies = (
				1CE29EF32EA0271900FE9B81 /* FirebaseAuth */,
				1CE29EF52EA0271900FE9B81 /* FirebaseCore */,
				1CE29EF72EA0271900FE9B81 /* FirebaseFirestore */,
				1CE29EFC2EA02D8700FE9B81 /* GoogleSignIn */,
				1CE29EFE2EA02D8700FE9B81 /* GoogleSignInSwift */,
				1CE29FB22EA43C3B00FE9B81 /* FirebaseMessaging */,
			);
			productName = Noi2;
			productReference = 1CE29EDC2E9F9E8600FE9B81 /* Noi2.app */;
			productType = "com.apple.product-type.application";
		};
		1CE29F332EA128AD00FE9B81 /* Noi2LoveWidgetExtension */ = {
			isa = PBXNativeTarget;
			buildConfigurationList = 1CE29F4B2EA128AF00FE9B81 /* Build configuration list for PBXNativeTarget "Noi2LoveWidgetExtension" */;
			buildPhases = (
				1CE29F302EA128AD00FE9B81 /* Sources */,
				1CE29F312EA128AD00FE9B81 /* Frameworks */,
				1CE29F322EA128AD00FE9B81 /* Resources */,
			);
			buildRules = (
			);
			dependencies = (
			);
			fileSystemSynchronizedGroups = (
				1CE29F3A2EA128AD00FE9B81 /* Noi2LoveWidget */,
			);
			name = Noi2LoveWidgetExtension;
			packageProductDependencies = (
			);
			productName = Noi2LoveWidgetExtension;
			productReference = 1CE29F342EA128AD00FE9B81 /* Noi2LoveWidgetExtension.appex */;
			productType = "com.apple.product-type.app-extension";
		};
/* End PBXNativeTarget section */

/* Begin PBXProject section */
		1CE29ED42E9F9E8600FE9B81 /* Project object */ = {
			isa = PBXProject;
			attributes = {
				BuildIndependentTargetsInParallel = 1;
				LastSwiftUpdateCheck = 1640;
				LastUpgradeCheck = 1640;
				TargetAttributes = {
					1CE29EDB2E9F9E8600FE9B81 = {
						CreatedOnToolsVersion = 16.4;
					};
					1CE29F332EA128AD00FE9B81 = {
						CreatedOnToolsVersion = 16.4;
					};
				};
			};
			buildConfigurationList = 1CE29ED72E9F9E8600FE9B81 /* Build configuration list for PBXProject "Noi2" */;
			developmentRegion = en;
			hasScannedForEncodings = 0;
			knownRegions = (
				en,
				Base,
			);
			mainGroup = 1CE29ED32E9F9E8600FE9B81;
			minimizedProjectReferenceProxies = 1;
			packageReferences = (
				1CE29EF22EA0271900FE9B81 /* XCRemoteSwiftPackageReference "firebase-ios-sdk" */,
				1CE29EFB2EA02D8700FE9B81 /* XCRemoteSwiftPackageReference "GoogleSignIn-iOS" */,
			);
			preferredProjectObjectVersion = 77;
			productRefGroup = 1CE29EDD2E9F9E8600FE9B81 /* Products */;
			projectDirPath = "";
			projectRoot = "";
			targets = (
				1CE29EDB2E9F9E8600FE9B81 /* Noi2 */,
				1CE29F332EA128AD00FE9B81 /* Noi2LoveWidgetExtension */,
			);
		};
/* End PBXProject section */

/* Begin PBXResourcesBuildPhase section */
		1CE29EDA2E9F9E8600FE9B81 /* Resources */ = {
			isa = PBXResourcesBuildPhase;
			buildActionMask = 2147483647;
			files = (
			);
			runOnlyForDeploymentPostprocessing = 0;
		};
		1CE29F322EA128AD00FE9B81 /* Resources */ = {
			isa = PBXResourcesBuildPhase;
			buildActionMask = 2147483647;
			files = (
			);
			runOnlyForDeploymentPostprocessing = 0;
		};
/* End PBXResourcesBuildPhase section */

/* Begin PBXSourcesBuildPhase section */
		1CE29ED82E9F9E8600FE9B81 /* Sources */ = {
			isa = PBXSourcesBuildPhase;
			buildActionMask = 2147483647;
			files = (
			);
			runOnlyForDeploymentPostprocessing = 0;
		};
		1CE29F302EA128AD00FE9B81 /* Sources */ = {
			isa = PBXSourcesBuildPhase;
			buildActionMask = 2147483647;
			files = (
			);
			runOnlyForDeploymentPostprocessing = 0;
		};
/* End PBXSourcesBuildPhase section */

/* Begin PBXTargetDependency section */
		1CE29F492EA128AF00FE9B81 /* PBXTargetDependency */ = {
			isa = PBXTargetDependency;
			target = 1CE29F332EA128AD00FE9B81 /* Noi2LoveWidgetExtension */;
			targetProxy = 1CE29F482EA128AF00FE9B81 /* PBXContainerItemProxy */;
		};
/* End PBXTargetDependency section */

/* Begin XCBuildConfiguration section */
		1CE29EE52E9F9E8800FE9B81 /* Debug */ = {
			isa = XCBuildConfiguration;
			buildSettings = {
				ALWAYS_SEARCH_USER_PATHS = NO;
				ASSETCATALOG_COMPILER_GENERATE_SWIFT_ASSET_SYMBOL_EXTENSIONS = YES;
				CLANG_ANALYZER_NONNULL = YES;
				CLANG_ANALYZER_NUMBER_OBJECT_CONVERSION = YES_AGGRESSIVE;
				CLANG_CXX_LANGUAGE_STANDARD = "gnu++20";
				CLANG_ENABLE_MODULES = YES;
				CLANG_ENABLE_OBJC_ARC = YES;
				CLANG_ENABLE_OBJC_WEAK = YES;
				CLANG_WARN_BLOCK_CAPTURE_AUTORELEASING = YES;
				CLANG_WARN_BOOL_CONVERSION = YES;
				CLANG_WARN_COMMA = YES;
				CLANG_WARN_CONSTANT_CONVERSION = YES;
				CLANG_WARN_DEPRECATED_OBJC_IMPLEMENTATIONS = YES;
				CLANG_WARN_DIRECT_OBJC_ISA_USAGE = YES_ERROR;
				CLANG_WARN_DOCUMENTATION_COMMENTS = YES;
				CLANG_WARN_EMPTY_BODY = YES;
				CLANG_WARN_ENUM_CONVERSION = YES;
				CLANG_WARN_INFINITE_RECURSION = YES;
				CLANG_WARN_INT_CONVERSION = YES;
				CLANG_WARN_NON_LITERAL_NULL_CONVERSION = YES;
				CLANG_WARN_OBJC_IMPLICIT_RETAIN_SELF = YES;
				CLANG_WARN_OBJC_LITERAL_CONVERSION = YES;
				CLANG_WARN_OBJC_ROOT_CLASS = YES_ERROR;
				CLANG_WARN_QUOTED_INCLUDE_IN_FRAMEWORK_HEADER = YES;
				CLANG_WARN_RANGE_LOOP_ANALYSIS = YES;
				CLANG_WARN_STRICT_PROTOTYPES = YES;
				CLANG_WARN_SUSPICIOUS_MOVE = YES;
				CLANG_WARN_UNGUARDED_AVAILABILITY = YES_AGGRESSIVE;
				CLANG_WARN_UNREACHABLE_CODE = YES;
				CLANG_WARN__DUPLICATE_METHOD_MATCH = YES;
				COPY_PHASE_STRIP = NO;
				DEBUG_INFORMATION_FORMAT = dwarf;
				DEVELOPMENT_TEAM = 5RR3Q663V8;
				ENABLE_STRICT_OBJC_MSGSEND = YES;
				ENABLE_TESTABILITY = YES;
				ENABLE_USER_SCRIPT_SANDBOXING = YES;
				GCC_C_LANGUAGE_STANDARD = gnu17;
				GCC_DYNAMIC_NO_PIC = NO;
				GCC_NO_COMMON_BLOCKS = YES;
				GCC_OPTIMIZATION_LEVEL = 0;
				GCC_PREPROCESSOR_DEFINITIONS = (
					"DEBUG=1",
					"$(inherited)",
				);
				GCC_WARN_64_TO_32_BIT_CONVERSION = YES;
				GCC_WARN_ABOUT_RETURN_TYPE = YES_ERROR;
				GCC_WARN_UNDECLARED_SELECTOR = YES;
				GCC_WARN_UNINITIALIZED_AUTOS = YES_AGGRESSIVE;
				GCC_WARN_UNUSED_FUNCTION = YES;
				GCC_WARN_UNUSED_VARIABLE = YES;
				IPHONEOS_DEPLOYMENT_TARGET = 18.5;
				LOCALIZATION_PREFERS_STRING_CATALOGS = YES;
				MTL_ENABLE_DEBUG_INFO = INCLUDE_SOURCE;
				MTL_FAST_MATH = YES;
				ONLY_ACTIVE_ARCH = YES;
				SDKROOT = iphoneos;
				SWIFT_ACTIVE_COMPILATION_CONDITIONS = "DEBUG $(inherited)";
				SWIFT_OPTIMIZATION_LEVEL = "-Onone";
			};
			name = Debug;
		};
		1CE29EE62E9F9E8800FE9B81 /* Release */ = {
			isa = XCBuildConfiguration;
			buildSettings = {
				ALWAYS_SEARCH_USER_PATHS = NO;
				ASSETCATALOG_COMPILER_GENERATE_SWIFT_ASSET_SYMBOL_EXTENSIONS = YES;
				CLANG_ANALYZER_NONNULL = YES;
				CLANG_ANALYZER_NUMBER_OBJECT_CONVERSION = YES_AGGRESSIVE;
				CLANG_CXX_LANGUAGE_STANDARD = "gnu++20";
				CLANG_ENABLE_MODULES = YES;
				CLANG_ENABLE_OBJC_ARC = YES;
				CLANG_ENABLE_OBJC_WEAK = YES;
				CLANG_WARN_BLOCK_CAPTURE_AUTORELEASING = YES;
				CLANG_WARN_BOOL_CONVERSION = YES;
				CLANG_WARN_COMMA = YES;
				CLANG_WARN_CONSTANT_CONVERSION = YES;
				CLANG_WARN_DEPRECATED_OBJC_IMPLEMENTATIONS = YES;
				CLANG_WARN_DIRECT_OBJC_ISA_USAGE = YES_ERROR;
				CLANG_WARN_DOCUMENTATION_COMMENTS = YES;
				CLANG_WARN_EMPTY_BODY = YES;
				CLANG_WARN_ENUM_CONVERSION = YES;
				CLANG_WARN_INFINITE_RECURSION = YES;
				CLANG_WARN_INT_CONVERSION = YES;
				CLANG_WARN_NON_LITERAL_NULL_CONVERSION = YES;
				CLANG_WARN_OBJC_IMPLICIT_RETAIN_SELF = YES;
				CLANG_WARN_OBJC_LITERAL_CONVERSION = YES;
				CLANG_WARN_OBJC_ROOT_CLASS = YES_ERROR;
				CLANG_WARN_QUOTED_INCLUDE_IN_FRAMEWORK_HEADER = YES;
				CLANG_WARN_RANGE_LOOP_ANALYSIS = YES;
				CLANG_WARN_STRICT_PROTOTYPES = YES;
				CLANG_WARN_SUSPICIOUS_MOVE = YES;
				CLANG_WARN_UNGUARDED_AVAILABILITY = YES_AGGRESSIVE;
				CLANG_WARN_UNREACHABLE_CODE = YES;
				CLANG_WARN__DUPLICATE_METHOD_MATCH = YES;
				COPY_PHASE_STRIP = NO;
				DEBUG_INFORMATION_FORMAT = "dwarf-with-dsym";
				DEVELOPMENT_TEAM = 5RR3Q663V8;
				ENABLE_NS_ASSERTIONS = NO;
				ENABLE_STRICT_OBJC_MSGSEND = YES;
				ENABLE_USER_SCRIPT_SANDBOXING = YES;
				GCC_C_LANGUAGE_STANDARD = gnu17;
				GCC_NO_COMMON_BLOCKS = YES;
				GCC_WARN_64_TO_32_BIT_CONVERSION = YES;
				GCC_WARN_ABOUT_RETURN_TYPE = YES_ERROR;
				GCC_WARN_UNDECLARED_SELECTOR = YES;
				GCC_WARN_UNINITIALIZED_AUTOS = YES_AGGRESSIVE;
				GCC_WARN_UNUSED_FUNCTION = YES;
				GCC_WARN_UNUSED_VARIABLE = YES;
				IPHONEOS_DEPLOYMENT_TARGET = 18.5;
				LOCALIZATION_PREFERS_STRING_CATALOGS = YES;
				MTL_ENABLE_DEBUG_INFO = NO;
				MTL_FAST_MATH = YES;
				SDKROOT = iphoneos;
				SWIFT_COMPILATION_MODE = wholemodule;
				VALIDATE_PRODUCT = YES;
			};
			name = Release;
		};
		1CE29EE82E9F9E8800FE9B81 /* Debug */ = {
			isa = XCBuildConfiguration;
			buildSettings = {
				ASSETCATALOG_COMPILER_APPICON_NAME = AppIcon;
				ASSETCATALOG_COMPILER_GLOBAL_ACCENT_COLOR_NAME = AccentColor;
				CODE_SIGN_ENTITLEMENTS = Noi2/Noi2.entitlements;
				CODE_SIGN_IDENTITY = "Apple Development";
				CODE_SIGN_STYLE = Automatic;
				CURRENT_PROJECT_VERSION = 1;
				DEVELOPMENT_TEAM = KFMXKU4W6B;
				ENABLE_PREVIEWS = YES;
				GENERATE_INFOPLIST_FILE = YES;
				INFOPLIST_FILE = Noi2/Info.plist;
				INFOPLIST_KEY_UIApplicationSceneManifest_Generation = YES;
				INFOPLIST_KEY_UIApplicationSupportsIndirectInputEvents = YES;
				INFOPLIST_KEY_UILaunchScreen_Generation = YES;
				INFOPLIST_KEY_UISupportedInterfaceOrientations = "UIInterfaceOrientationLandscapeLeft UIInterfaceOrientationLandscapeRight UIInterfaceOrientationPortrait";
				LD_RUNPATH_SEARCH_PATHS = (
					"$(inherited)",
					"@executable_path/Frameworks",
				);
				MARKETING_VERSION = 1.0;
				PRODUCT_BUNDLE_IDENTIFIER = ro.csx.Noi2x;
				PRODUCT_NAME = "$(TARGET_NAME)";
				PROVISIONING_PROFILE_SPECIFIER = "";
				SUPPORTED_PLATFORMS = "iphoneos iphonesimulator";
				SUPPORTS_MACCATALYST = NO;
				SWIFT_EMIT_LOC_STRINGS = YES;
				SWIFT_VERSION = 5.0;
				TARGETED_DEVICE_FAMILY = 1;
			};
			name = Debug;
		};
		1CE29EE92E9F9E8800FE9B81 /* Release */ = {
			isa = XCBuildConfiguration;
			buildSettings = {
				ASSETCATALOG_COMPILER_APPICON_NAME = AppIcon;
				ASSETCATALOG_COMPILER_GLOBAL_ACCENT_COLOR_NAME = AccentColor;
				CODE_SIGN_ENTITLEMENTS = Noi2/Noi2.entitlements;
				CODE_SIGN_IDENTITY = "Apple Development";
				CODE_SIGN_STYLE = Automatic;
				CURRENT_PROJECT_VERSION = 1;
				DEVELOPMENT_TEAM = KFMXKU4W6B;
				ENABLE_PREVIEWS = YES;
				GENERATE_INFOPLIST_FILE = YES;
				INFOPLIST_FILE = Noi2/Info.plist;
				INFOPLIST_KEY_UIApplicationSceneManifest_Generation = YES;
				INFOPLIST_KEY_UIApplicationSupportsIndirectInputEvents = YES;
				INFOPLIST_KEY_UILaunchScreen_Generation = YES;
				INFOPLIST_KEY_UISupportedInterfaceOrientations = "UIInterfaceOrientationLandscapeLeft UIInterfaceOrientationLandscapeRight UIInterfaceOrientationPortrait";
				LD_RUNPATH_SEARCH_PATHS = (
					"$(inherited)",
					"@executable_path/Frameworks",
				);
				MARKETING_VERSION = 1.0;
				PRODUCT_BUNDLE_IDENTIFIER = ro.csx.Noi2x;
				PRODUCT_NAME = "$(TARGET_NAME)";
				PROVISIONING_PROFILE_SPECIFIER = "";
				SUPPORTED_PLATFORMS = "iphoneos iphonesimulator";
				SUPPORTS_MACCATALYST = NO;
				SWIFT_EMIT_LOC_STRINGS = YES;
				SWIFT_VERSION = 5.0;
				TARGETED_DEVICE_FAMILY = 1;
			};
			name = Release;
		};
		1CE29F4C2EA128AF00FE9B81 /* Debug */ = {
			isa = XCBuildConfiguration;
			buildSettings = {
				ASSETCATALOG_COMPILER_GLOBAL_ACCENT_COLOR_NAME = AccentColor;
				ASSETCATALOG_COMPILER_WIDGET_BACKGROUND_COLOR_NAME = WidgetBackground;
				CODE_SIGN_ENTITLEMENTS = Noi2LoveWidgetExtension.entitlements;
				CODE_SIGN_STYLE = Automatic;
				CURRENT_PROJECT_VERSION = 1;
				DEVELOPMENT_TEAM = KFMXKU4W6B;
				GENERATE_INFOPLIST_FILE = YES;
				INFOPLIST_FILE = Noi2LoveWidget/Info.plist;
				INFOPLIST_KEY_CFBundleDisplayName = Noi2LoveWidget;
				INFOPLIST_KEY_NSHumanReadableCopyright = "";
				LD_RUNPATH_SEARCH_PATHS = (
					"$(inherited)",
					"@executable_path/Frameworks",
					"@executable_path/../../Frameworks",
				);
				MARKETING_VERSION = 1.0;
				PRODUCT_BUNDLE_IDENTIFIER = ro.csx.Noi2x.Noi2xLoveWidget;
				PRODUCT_NAME = "$(TARGET_NAME)";
				SKIP_INSTALL = YES;
				SWIFT_EMIT_LOC_STRINGS = YES;
				SWIFT_VERSION = 5.0;
				TARGETED_DEVICE_FAMILY = "1,2";
			};
			name = Debug;
		};
		1CE29F4D2EA128AF00FE9B81 /* Release */ = {
			isa = XCBuildConfiguration;
			buildSettings = {
				ASSETCATALOG_COMPILER_GLOBAL_ACCENT_COLOR_NAME = AccentColor;
				ASSETCATALOG_COMPILER_WIDGET_BACKGROUND_COLOR_NAME = WidgetBackground;
				CODE_SIGN_ENTITLEMENTS = Noi2LoveWidgetExtension.entitlements;
				CODE_SIGN_STYLE = Automatic;
				CURRENT_PROJECT_VERSION = 1;
				DEVELOPMENT_TEAM = KFMXKU4W6B;
				GENERATE_INFOPLIST_FILE = YES;
				INFOPLIST_FILE = Noi2LoveWidget/Info.plist;
				INFOPLIST_KEY_CFBundleDisplayName = Noi2LoveWidget;
				INFOPLIST_KEY_NSHumanReadableCopyright = "";
				LD_RUNPATH_SEARCH_PATHS = (
					"$(inherited)",
					"@executable_path/Frameworks",
					"@executable_path/../../Frameworks",
				);
				MARKETING_VERSION = 1.0;
				PRODUCT_BUNDLE_IDENTIFIER = ro.csx.Noi2x.Noi2xLoveWidget;
				PRODUCT_NAME = "$(TARGET_NAME)";
				SKIP_INSTALL = YES;
				SWIFT_EMIT_LOC_STRINGS = YES;
				SWIFT_VERSION = 5.0;
				TARGETED_DEVICE_FAMILY = "1,2";
			};
			name = Release;
		};
/* End XCBuildConfiguration section */

/* Begin XCConfigurationList section */
		1CE29ED72E9F9E8600FE9B81 /* Build configuration list for PBXProject "Noi2" */ = {
			isa = XCConfigurationList;
			buildConfigurations = (
				1CE29EE52E9F9E8800FE9B81 /* Debug */,
				1CE29EE62E9F9E8800FE9B81 /* Release */,
			);
			defaultConfigurationIsVisible = 0;
			defaultConfigurationName = Release;
		};
		1CE29EE72E9F9E8800FE9B81 /* Build configuration list for PBXNativeTarget "Noi2" */ = {
			isa = XCConfigurationList;
			buildConfigurations = (
				1CE29EE82E9F9E8800FE9B81 /* Debug */,
				1CE29EE92E9F9E8800FE9B81 /* Release */,
			);
			defaultConfigurationIsVisible = 0;
			defaultConfigurationName = Release;
		};
		1CE29F4B2EA128AF00FE9B81 /* Build configuration list for PBXNativeTarget "Noi2LoveWidgetExtension" */ = {
			isa = XCConfigurationList;
			buildConfigurations = (
				1CE29F4C2EA128AF00FE9B81 /* Debug */,
				1CE29F4D2EA128AF00FE9B81 /* Release */,
			);
			defaultConfigurationIsVisible = 0;
			defaultConfigurationName = Release;
		};
/* End XCConfigurationList section */

/* Begin XCRemoteSwiftPackageReference section */
		1CE29EF22EA0271900FE9B81 /* XCRemoteSwiftPackageReference "firebase-ios-sdk" */ = {
			isa = XCRemoteSwiftPackageReference;
			repositoryURL = "https://github.com/firebase/firebase-ios-sdk";
			requirement = {
				kind = upToNextMajorVersion;
				minimumVersion = 12.4.0;
			};
		};
		1CE29EFB2EA02D8700FE9B81 /* XCRemoteSwiftPackageReference "GoogleSignIn-iOS" */ = {
			isa = XCRemoteSwiftPackageReference;
			repositoryURL = "https://github.com/google/GoogleSignIn-iOS";
			requirement = {
				kind = upToNextMajorVersion;
				minimumVersion = 9.0.0;
			};
		};
/* End XCRemoteSwiftPackageReference section */

/* Begin XCSwiftPackageProductDependency section */
		1CE29EF32EA0271900FE9B81 /* FirebaseAuth */ = {
			isa = XCSwiftPackageProductDependency;
			package = 1CE29EF22EA0271900FE9B81 /* XCRemoteSwiftPackageReference "firebase-ios-sdk" */;
			productName = FirebaseAuth;
		};
		1CE29EF52EA0271900FE9B81 /* FirebaseCore */ = {
			isa = XCSwiftPackageProductDependency;
			package = 1CE29EF22EA0271900FE9B81 /* XCRemoteSwiftPackageReference "firebase-ios-sdk" */;
			productName = FirebaseCore;
		};
		1CE29EF72EA0271900FE9B81 /* FirebaseFirestore */ = {
			isa = XCSwiftPackageProductDependency;
			package = 1CE29EF22EA0271900FE9B81 /* XCRemoteSwiftPackageReference "firebase-ios-sdk" */;
			productName = FirebaseFirestore;
		};
		1CE29EFC2EA02D8700FE9B81 /* GoogleSignIn */ = {
			isa = XCSwiftPackageProductDependency;
			package = 1CE29EFB2EA02D8700FE9B81 /* XCRemoteSwiftPackageReference "GoogleSignIn-iOS" */;
			productName = GoogleSignIn;
		};
		1CE29EFE2EA02D8700FE9B81 /* GoogleSignInSwift */ = {
			isa = XCSwiftPackageProductDependency;
			package = 1CE29EFB2EA02D8700FE9B81 /* XCRemoteSwiftPackageReference "GoogleSignIn-iOS" */;
			productName = GoogleSignInSwift;
		};
		1CE29FB22EA43C3B00FE9B81 /* FirebaseMessaging */ = {
			isa = XCSwiftPackageProductDependency;
			package = 1CE29EF22EA0271900FE9B81 /* XCRemoteSwiftPackageReference "firebase-ios-sdk" */;
			productName = FirebaseMessaging;
		};
/* End XCSwiftPackageProductDependency section */
	};
	rootObject = 1CE29ED42E9F9E8600FE9B81 /* Project object */;
}
